
Microsoft Visual Studio Solution File, Format Version 12.00
# Visual Studio Version 17
VisualStudioVersion = 17.14.36221.1 d17.14
MinimumVisualStudioVersion = 10.0.40219.1
Project("{FAE04EC0-301F-11D3-BF4B-00C04F79EFBC}") = "TalabatDemo", "TalabatDemo\TalabatDemo.csproj", "{EE35FD48-3997-4D96-8E89-94A6884110EC}"
EndProject
Global
	GlobalSection(SolutionConfigurationPlatforms) = preSolution
		Debug|Any CPU = Debug|Any CPU
		Release|Any CPU = Release|Any CPU
	EndGlobalSection
	GlobalSection(ProjectConfigurationPlatforms) = postSolution
		{EE35FD48-3997-4D96-8E89-94A6884110EC}.Debug|Any CPU.ActiveCfg = Debug|Any CPU
		{EE35FD48-3997-4D96-8E89-94A6884110EC}.Debug|Any CPU.Build.0 = Debug|Any CPU
		{EE35FD48-3997-4D96-8E89-94A6884110EC}.Release|Any CPU.ActiveCfg = Release|Any CPU
		{EE35FD48-3997-4D96-8E89-94A6884110EC}.Release|Any CPU.Build.0 = Release|Any CPU
	EndGlobalSection
	GlobalSection(SolutionProperties) = preSolution
		HideSolutionNode = FALSE
	EndGlobalSection
	GlobalSection(ExtensibilityGlobals) = postSolution
		SolutionGuid = {32EC889E-087C-4E8A-A053-0226F3FD0C81}
	EndGlobalSection
EndGlobal
